
Microsoft Visual Studio Solution File, Format Version 12.00
# Visual Studio 15
Project("{FAE04EC0-301F-11D3-BF4B-00C04F79EFBC}") = "Assembly-CSharp-firstpass", "Assembly-CSharp-firstpass.csproj", "{B8BD3AFF-6C2F-DFD1-F8ED-D032114815E8}"
EndProject
Project("{FAE04EC0-301F-11D3-BF4B-00C04F79EFBC}") = "Assembly-CSharp", "Assembly-CSharp.csproj", "{260EC8EC-5DF2-27C1-7DD1-568751E11BBA}"
EndProject
Project("{FAE04EC0-301F-11D3-BF4B-00C04F79EFBC}") = "Assembly-CSharp-Editor-firstpass", "Assembly-CSharp-Editor-firstpass.csproj", "{32B82B23-EE2B-3951-54DA-261B0B7E6F80}"
EndProject
Global
	GlobalSection(SolutionConfigurationPlatforms) = preSolution
		Debug|Any CPU = Debug|Any CPU
		Release|Any CPU = Release|Any CPU
	EndGlobalSection
	GlobalSection(ProjectConfigurationPlatforms) = postSolution
		{B8BD3AFF-6C2F-DFD1-F8ED-D032114815E8}.Debug|Any CPU.ActiveCfg = Debug|Any CPU
		{B8BD3AFF-6C2F-DFD1-F8ED-D032114815E8}.Debug|Any CPU.Build.0 = Debug|Any CPU
		{B8BD3AFF-6C2F-DFD1-F8ED-D032114815E8}.Release|Any CPU.ActiveCfg = Release|Any CPU
		{B8BD3AFF-6C2F-DFD1-F8ED-D032114815E8}.Release|Any CPU.Build.0 = Release|Any CPU
		{260EC8EC-5DF2-27C1-7DD1-568751E11BBA}.Debug|Any CPU.ActiveCfg = Debug|Any CPU
		{260EC8EC-5DF2-27C1-7DD1-568751E11BBA}.Debug|Any CPU.Build.0 = Debug|Any CPU
		{260EC8EC-5DF2-27C1-7DD1-568751E11BBA}.Release|Any CPU.ActiveCfg = Release|Any CPU
		{260EC8EC-5DF2-27C1-7DD1-568751E11BBA}.Release|Any CPU.Build.0 = Release|Any CPU
		{32B82B23-EE2B-3951-54DA-261B0B7E6F80}.Debug|Any CPU.ActiveCfg = Debug|Any CPU
		{32B82B23-EE2B-3951-54DA-261B0B7E6F80}.Debug|Any CPU.Build.0 = Debug|Any CPU
		{32B82B23-EE2B-3951-54DA-261B0B7E6F80}.Release|Any CPU.ActiveCfg = Release|Any CPU
		{32B82B23-EE2B-3951-54DA-261B0B7E6F80}.Release|Any CPU.Build.0 = Release|Any CPU
	EndGlobalSection
	GlobalSection(SolutionProperties) = preSolution
		HideSolutionNode = FALSE
	EndGlobalSection
EndGlobal
